
Microsoft Visual Studio Solution File, Format Version 12.00
# Visual Studio Version 17
VisualStudioVersion = 17.13.35931.197 d17.13
MinimumVisualStudioVersion = 10.0.40219.1
Project("{FAE04EC0-301F-11D3-BF4B-00C04F79EFBC}") = "Lesson04", "Lesson04.csproj", "{7ECE010C-ACD1-4B40-952B-2EF108B9380B}"
EndProject
Global
	GlobalSection(SolutionConfigurationPlatforms) = preSolution
		Debug|Any CPU = Debug|Any CPU
		Release|Any CPU = Release|Any CPU
	EndGlobalSection
	GlobalSection(ProjectConfigurationPlatforms) = postSolution
		{7ECE010C-ACD1-4B40-952B-2EF108B9380B}.Debug|Any CPU.ActiveCfg = Debug|Any CPU
		{7ECE010C-ACD1-4B40-952B-2EF108B9380B}.Debug|Any CPU.Build.0 = Debug|Any CPU
		{7ECE010C-ACD1-4B40-952B-2EF108B9380B}.Release|Any CPU.ActiveCfg = Release|Any CPU
		{7ECE010C-ACD1-4B40-952B-2EF108B9380B}.Release|Any CPU.Build.0 = Release|Any CPU
	EndGlobalSection
	GlobalSection(SolutionProperties) = preSolution
		HideSolutionNode = FALSE
	EndGlobalSection
	GlobalSection(ExtensibilityGlobals) = postSolution
		SolutionGuid = {83207A96-B774-462F-85F2-AB40083494E6}
	EndGlobalSection
EndGlobal
